
Microsoft Visual Studio Solution File, Format Version 12.00
# Visual Studio Version 16
VisualStudioVersion = 16.0.29503.13
MinimumVisualStudioVersion = 10.0.40219.1
Project("{9A19103F-16F7-4668-BE54-9A1E7A4F7556}") = "MVC_Basics", "MVC Basics\MVC_Basics.csproj", "{925FA9FC-0180-4C10-A6DD-856DDD8C1348}"
EndProject
Global
	GlobalSection(SolutionConfigurationPlatforms) = preSolution
		Debug|Any CPU = Debug|Any CPU
		Release|Any CPU = Release|Any CPU
	EndGlobalSection
	GlobalSection(ProjectConfigurationPlatforms) = postSolution
		{925FA9FC-0180-4C10-A6DD-856DDD8C1348}.Debug|Any CPU.ActiveCfg = Debug|Any CPU
		{925FA9FC-0180-4C10-A6DD-856DDD8C1348}.Debug|Any CPU.Build.0 = Debug|Any CPU
		{925FA9FC-0180-4C10-A6DD-856DDD8C1348}.Release|Any CPU.ActiveCfg = Release|Any CPU
		{925FA9FC-0180-4C10-A6DD-856DDD8C1348}.Release|Any CPU.Build.0 = Release|Any CPU
	EndGlobalSection
	GlobalSection(SolutionProperties) = preSolution
		HideSolutionNode = FALSE
	EndGlobalSection
	GlobalSection(ExtensibilityGlobals) = postSolution
		SolutionGuid = {F5765B68-44C6-4794-BAD9-268AE44FDCC8}
	EndGlobalSection
EndGlobal
